
Microsoft Visual Studio Solution File, Format Version 12.00
# Visual Studio 2013
VisualStudioVersion = 12.0.21005.1
MinimumVisualStudioVersion = 10.0.40219.1
Project("{FAE04EC0-301F-11D3-BF4B-00C04F79EFBC}") = "DirectXOrientation", "DirectXOrientation\DirectXOrientation\DirectXOrientation.csproj", "{3BC93A5C-7763-4C3F-AD43-69F2C9B65FAE}"
EndProject
Project("{8BC9CEB8-8B4A-11D0-8D11-00A0C91BC942}") = "DirectXOrientationComponent", "DirectXOrientation\DirectXOrientationComponent\DirectXOrientationComponent.vcxproj", "{EB3D8FD8-7163-4F5D-84E5-5A965E93FE26}"
EndProject
Global
	GlobalSection(SolutionConfigurationPlatforms) = preSolution
		Debug|Any CPU = Debug|Any CPU
		Debug|ARM = Debug|ARM
		Debug|Mixed Platforms = Debug|Mixed Platforms
		Debug|Win32 = Debug|Win32
		Debug|x86 = Debug|x86
		Release|Any CPU = Release|Any CPU
		Release|ARM = Release|ARM
		Release|Mixed Platforms = Release|Mixed Platforms
		Release|Win32 = Release|Win32
		Release|x86 = Release|x86
	EndGlobalSection
	GlobalSection(ProjectConfigurationPlatforms) = postSolution
		{3BC93A5C-7763-4C3F-AD43-69F2C9B65FAE}.Debug|Any CPU.ActiveCfg = Debug|Any CPU
		{3BC93A5C-7763-4C3F-AD43-69F2C9B65FAE}.Debug|Any CPU.Build.0 = Debug|Any CPU
		{3BC93A5C-7763-4C3F-AD43-69F2C9B65FAE}.Debug|Any CPU.Deploy.0 = Debug|Any CPU
		{3BC93A5C-7763-4C3F-AD43-69F2C9B65FAE}.Debug|ARM.ActiveCfg = Debug|ARM
		{3BC93A5C-7763-4C3F-AD43-69F2C9B65FAE}.Debug|ARM.Build.0 = Debug|ARM
		{3BC93A5C-7763-4C3F-AD43-69F2C9B65FAE}.Debug|ARM.Deploy.0 = Debug|ARM
		{3BC93A5C-7763-4C3F-AD43-69F2C9B65FAE}.Debug|Mixed Platforms.ActiveCfg = Debug|x86
		{3BC93A5C-7763-4C3F-AD43-69F2C9B65FAE}.Debug|Mixed Platforms.Build.0 = Debug|x86
		{3BC93A5C-7763-4C3F-AD43-69F2C9B65FAE}.Debug|Mixed Platforms.Deploy.0 = Debug|x86
		{3BC93A5C-7763-4C3F-AD43-69F2C9B65FAE}.Debug|Win32.ActiveCfg = Debug|x86
		{3BC93A5C-7763-4C3F-AD43-69F2C9B65FAE}.Debug|Win32.Build.0 = Debug|x86
		{3BC93A5C-7763-4C3F-AD43-69F2C9B65FAE}.Debug|Win32.Deploy.0 = Debug|x86
		{3BC93A5C-7763-4C3F-AD43-69F2C9B65FAE}.Debug|x86.ActiveCfg = Debug|x86
		{3BC93A5C-7763-4C3F-AD43-69F2C9B65FAE}.Debug|x86.Build.0 = Debug|x86
		{3BC93A5C-7763-4C3F-AD43-69F2C9B65FAE}.Debug|x86.Deploy.0 = Debug|x86
		{3BC93A5C-7763-4C3F-AD43-69F2C9B65FAE}.Release|Any CPU.ActiveCfg = Release|Any CPU
		{3BC93A5C-7763-4C3F-AD43-69F2C9B65FAE}.Release|Any CPU.Build.0 = Release|Any CPU
		{3BC93A5C-7763-4C3F-AD43-69F2C9B65FAE}.Release|Any CPU.Deploy.0 = Release|Any CPU
		{3BC93A5C-7763-4C3F-AD43-69F2C9B65FAE}.Release|ARM.ActiveCfg = Release|ARM
		{3BC93A5C-7763-4C3F-AD43-69F2C9B65FAE}.Release|ARM.Build.0 = Release|ARM
		{3BC93A5C-7763-4C3F-AD43-69F2C9B65FAE}.Release|ARM.Deploy.0 = Release|ARM
		{3BC93A5C-7763-4C3F-AD43-69F2C9B65FAE}.Release|Mixed Platforms.ActiveCfg = Release|x86
		{3BC93A5C-7763-4C3F-AD43-69F2C9B65FAE}.Release|Mixed Platforms.Build.0 = Release|x86
		{3BC93A5C-7763-4C3F-AD43-69F2C9B65FAE}.Release|Mixed Platforms.Deploy.0 = Release|x86
		{3BC93A5C-7763-4C3F-AD43-69F2C9B65FAE}.Release|Win32.ActiveCfg = Release|x86
		{3BC93A5C-7763-4C3F-AD43-69F2C9B65FAE}.Release|Win32.Build.0 = Release|x86
		{3BC93A5C-7763-4C3F-AD43-69F2C9B65FAE}.Release|Win32.Deploy.0 = Release|x86
		{3BC93A5C-7763-4C3F-AD43-69F2C9B65FAE}.Release|x86.ActiveCfg = Release|x86
		{3BC93A5C-7763-4C3F-AD43-69F2C9B65FAE}.Release|x86.Build.0 = Release|x86
		{3BC93A5C-7763-4C3F-AD43-69F2C9B65FAE}.Release|x86.Deploy.0 = Release|x86
		{EB3D8FD8-7163-4F5D-84E5-5A965E93FE26}.Debug|Any CPU.ActiveCfg = Debug|Win32
		{EB3D8FD8-7163-4F5D-84E5-5A965E93FE26}.Debug|ARM.ActiveCfg = Debug|ARM
		{EB3D8FD8-7163-4F5D-84E5-5A965E93FE26}.Debug|ARM.Build.0 = Debug|ARM
		{EB3D8FD8-7163-4F5D-84E5-5A965E93FE26}.Debug|Mixed Platforms.ActiveCfg = Debug|Win32
		{EB3D8FD8-7163-4F5D-84E5-5A965E93FE26}.Debug|Mixed Platforms.Build.0 = Debug|Win32
		{EB3D8FD8-7163-4F5D-84E5-5A965E93FE26}.Debug|Win32.ActiveCfg = Debug|Win32
		{EB3D8FD8-7163-4F5D-84E5-5A965E93FE26}.Debug|Win32.Build.0 = Debug|Win32
		{EB3D8FD8-7163-4F5D-84E5-5A965E93FE26}.Debug|x86.ActiveCfg = Debug|Win32
		{EB3D8FD8-7163-4F5D-84E5-5A965E93FE26}.Debug|x86.Build.0 = Debug|Win32
		{EB3D8FD8-7163-4F5D-84E5-5A965E93FE26}.Release|Any CPU.ActiveCfg = Release|Win32
		{EB3D8FD8-7163-4F5D-84E5-5A965E93FE26}.Release|ARM.ActiveCfg = Release|ARM
		{EB3D8FD8-7163-4F5D-84E5-5A965E93FE26}.Release|ARM.Build.0 = Release|ARM
		{EB3D8FD8-7163-4F5D-84E5-5A965E93FE26}.Release|Mixed Platforms.ActiveCfg = Release|Win32
		{EB3D8FD8-7163-4F5D-84E5-5A965E93FE26}.Release|Mixed Platforms.Build.0 = Release|Win32
		{EB3D8FD8-7163-4F5D-84E5-5A965E93FE26}.Release|Win32.ActiveCfg = Release|Win32
		{EB3D8FD8-7163-4F5D-84E5-5A965E93FE26}.Release|Win32.Build.0 = Release|Win32
		{EB3D8FD8-7163-4F5D-84E5-5A965E93FE26}.Release|x86.ActiveCfg = Release|Win32
		{EB3D8FD8-7163-4F5D-84E5-5A965E93FE26}.Release|x86.Build.0 = Release|Win32
	EndGlobalSection
	GlobalSection(SolutionProperties) = preSolution
		HideSolutionNode = FALSE
	EndGlobalSection
EndGlobal
